
Microsoft Visual Studio Solution File, Format Version 12.00
# Visual Studio 15
Project("{FAE04EC0-301F-11D3-BF4B-00C04F79EFBC}") = "Assembly-CSharp", "Assembly-CSharp.csproj", "{C54EAFA0-3801-96F0-BE49-3B39ECB832A7}"
EndProject
Project("{FAE04EC0-301F-11D3-BF4B-00C04F79EFBC}") = "Assembly-CSharp-Editor", "Assembly-CSharp-Editor.csproj", "{A573AAEB-50F4-2CF7-C945-549260120950}"
EndProject
Global
	GlobalSection(SolutionConfigurationPlatforms) = preSolution
		Debug|Any CPU = Debug|Any CPU
		Release|Any CPU = Release|Any CPU
	EndGlobalSection
	GlobalSection(ProjectConfigurationPlatforms) = postSolution
		{C54EAFA0-3801-96F0-BE49-3B39ECB832A7}.Debug|Any CPU.ActiveCfg = Debug|Any CPU
		{C54EAFA0-3801-96F0-BE49-3B39ECB832A7}.Debug|Any CPU.Build.0 = Debug|Any CPU
		{C54EAFA0-3801-96F0-BE49-3B39ECB832A7}.Release|Any CPU.ActiveCfg = Release|Any CPU
		{C54EAFA0-3801-96F0-BE49-3B39ECB832A7}.Release|Any CPU.Build.0 = Release|Any CPU
		{A573AAEB-50F4-2CF7-C945-549260120950}.Debug|Any CPU.ActiveCfg = Debug|Any CPU
		{A573AAEB-50F4-2CF7-C945-549260120950}.Debug|Any CPU.Build.0 = Debug|Any CPU
		{A573AAEB-50F4-2CF7-C945-549260120950}.Release|Any CPU.ActiveCfg = Release|Any CPU
		{A573AAEB-50F4-2CF7-C945-549260120950}.Release|Any CPU.Build.0 = Release|Any CPU
	EndGlobalSection
	GlobalSection(SolutionProperties) = preSolution
		HideSolutionNode = FALSE
	EndGlobalSection
EndGlobal
